
Microsoft Visual Studio Solution File, Format Version 12.00
# Visual Studio 2013
VisualStudioVersion = 12.0.30723.0
MinimumVisualStudioVersion = 10.0.40219.1
Project("{FAE04EC0-301F-11D3-BF4B-00C04F79EFBC}") = "YouTubeAndroidPlayer", "YouTubeAndroidPlayer\YouTubeAndroidPlayer.csproj", "{87602754-0F65-475F-A968-27EB72DDDB80}"
EndProject
Project("{FAE04EC0-301F-11D3-BF4B-00C04F79EFBC}") = "YouTubeAndroidPlayer.Demo", "YouTubeAndroidPlayer.Demo\YouTubeAndroidPlayer.Demo.csproj", "{EE7C4FB2-E02B-4BAE-B2D2-1706E8961E40}"
EndProject
Global
	GlobalSection(SolutionConfigurationPlatforms) = preSolution
		Debug|Any CPU = Debug|Any CPU
		Release|Any CPU = Release|Any CPU
	EndGlobalSection
	GlobalSection(ProjectConfigurationPlatforms) = postSolution
		{87602754-0F65-475F-A968-27EB72DDDB80}.Debug|Any CPU.ActiveCfg = Debug|Any CPU
		{87602754-0F65-475F-A968-27EB72DDDB80}.Debug|Any CPU.Build.0 = Debug|Any CPU
		{87602754-0F65-475F-A968-27EB72DDDB80}.Release|Any CPU.ActiveCfg = Release|Any CPU
		{87602754-0F65-475F-A968-27EB72DDDB80}.Release|Any CPU.Build.0 = Release|Any CPU
		{EE7C4FB2-E02B-4BAE-B2D2-1706E8961E40}.Debug|Any CPU.ActiveCfg = Debug|Any CPU
		{EE7C4FB2-E02B-4BAE-B2D2-1706E8961E40}.Debug|Any CPU.Build.0 = Debug|Any CPU
		{EE7C4FB2-E02B-4BAE-B2D2-1706E8961E40}.Debug|Any CPU.Deploy.0 = Debug|Any CPU
		{EE7C4FB2-E02B-4BAE-B2D2-1706E8961E40}.Release|Any CPU.ActiveCfg = Release|Any CPU
		{EE7C4FB2-E02B-4BAE-B2D2-1706E8961E40}.Release|Any CPU.Build.0 = Release|Any CPU
		{EE7C4FB2-E02B-4BAE-B2D2-1706E8961E40}.Release|Any CPU.Deploy.0 = Release|Any CPU
	EndGlobalSection
	GlobalSection(SolutionProperties) = preSolution
		HideSolutionNode = FALSE
	EndGlobalSection
EndGlobal
